{
  "name": "curv",
  "version": "1.0.0",
  "lockfileVersion": 2,
  "requires": true,
  "packages": {
    "": {
      "name": "curv",
      "version": "1.0.0",
      "license": "ISC",
      "dependencies": {
        "@types/p5": "^1.4.3",
        "typescript": "^4.9.4"
      }
    },
    "node_modules/@types/p5": {
      "version": "1.4.3",
      "resolved": "https://registry.npmjs.org/@types/p5/-/p5-1.4.3.tgz",
      "integrity": "sha512-UjgBi1/VU0Dz1/JxzRZrDKlC54rMELWW+6oHx1pRKzKkVgwzvP+dEjZ1JbeMjK12VJMUjDx4lhGUmnUL2jBASQ=="
    },
    "node_modules/typescript": {
      "version": "4.9.4",
      "resolved": "https://registry.npmjs.org/typescript/-/typescript-4.9.4.tgz",
      "integrity": "sha512-Uz+dTXYzxXXbsFpM86Wh3dKCxrQqUcVMxwU54orwlJjOpO3ao8L7j5lH+dWfTwgCwIuM9GQ2kvVotzYJMXTBZg==",
      "bin": {
        "tsc": "bin/tsc",
        "tsserver": "bin/tsserver"
      },
      "engines": {
        "node": ">=4.2.0"
      }
    }
  },
  "dependencies": {
    "@types/p5": {
      "version": "1.4.3",
      "resolved": "https://registry.npmjs.org/@types/p5/-/p5-1.4.3.tgz",
      "integrity": "sha512-UjgBi1/VU0Dz1/JxzRZrDKlC54rMELWW+6oHx1pRKzKkVgwzvP+dEjZ1JbeMjK12VJMUjDx4lhGUmnUL2jBASQ=="
    },
    "typescript": {
      "version": "4.9.4",
      "resolved": "https://registry.npmjs.org/typescript/-/typescript-4.9.4.tgz",
      "integrity": "sha512-Uz+dTXYzxXXbsFpM86Wh3dKCxrQqUcVMxwU54orwlJjOpO3ao8L7j5lH+dWfTwgCwIuM9GQ2kvVotzYJMXTBZg=="
    }
  }
}
